
Microsoft Visual Studio Solution File, Format Version 12.00
# Visual Studio Version 17
VisualStudioVersion = 17.13.35931.197 d17.13
MinimumVisualStudioVersion = 10.0.40219.1
Project("{FAE04EC0-301F-11D3-BF4B-00C04F79EFBC}") = "IFALista3", "IFALista3\IFALista3.csproj", "{6E848A39-6575-4CED-8F93-23604B644596}"
EndProject
Global
	GlobalSection(SolutionConfigurationPlatforms) = preSolution
		Debug|Any CPU = Debug|Any CPU
		Release|Any CPU = Release|Any CPU
	EndGlobalSection
	GlobalSection(ProjectConfigurationPlatforms) = postSolution
		{6E848A39-6575-4CED-8F93-23604B644596}.Debug|Any CPU.ActiveCfg = Debug|Any CPU
		{6E848A39-6575-4CED-8F93-23604B644596}.Debug|Any CPU.Build.0 = Debug|Any CPU
		{6E848A39-6575-4CED-8F93-23604B644596}.Release|Any CPU.ActiveCfg = Release|Any CPU
		{6E848A39-6575-4CED-8F93-23604B644596}.Release|Any CPU.Build.0 = Release|Any CPU
	EndGlobalSection
	GlobalSection(SolutionProperties) = preSolution
		HideSolutionNode = FALSE
	EndGlobalSection
	GlobalSection(ExtensibilityGlobals) = postSolution
		SolutionGuid = {1AFABCF0-B402-41B7-B400-908057DBD16F}
	EndGlobalSection
EndGlobal
