
Microsoft Visual Studio Solution File, Format Version 12.00
# Visual Studio Version 17
VisualStudioVersion = 17.13.35931.197 d17.13
MinimumVisualStudioVersion = 10.0.40219.1
Project("{FAE04EC0-301F-11D3-BF4B-00C04F79EFBC}") = "IFALista1", "IFALista1\IFALista1.csproj", "{A10CEADF-21C4-45B1-9A2D-4EE024932C7F}"
EndProject
Global
	GlobalSection(SolutionConfigurationPlatforms) = preSolution
		Debug|Any CPU = Debug|Any CPU
		Release|Any CPU = Release|Any CPU
	EndGlobalSection
	GlobalSection(ProjectConfigurationPlatforms) = postSolution
		{A10CEADF-21C4-45B1-9A2D-4EE024932C7F}.Debug|Any CPU.ActiveCfg = Debug|Any CPU
		{A10CEADF-21C4-45B1-9A2D-4EE024932C7F}.Debug|Any CPU.Build.0 = Debug|Any CPU
		{A10CEADF-21C4-45B1-9A2D-4EE024932C7F}.Release|Any CPU.ActiveCfg = Release|Any CPU
		{A10CEADF-21C4-45B1-9A2D-4EE024932C7F}.Release|Any CPU.Build.0 = Release|Any CPU
	EndGlobalSection
	GlobalSection(SolutionProperties) = preSolution
		HideSolutionNode = FALSE
	EndGlobalSection
	GlobalSection(ExtensibilityGlobals) = postSolution
		SolutionGuid = {261D6E5C-73FB-45CA-B59A-0B4911811288}
	EndGlobalSection
EndGlobal
